
Microsoft Visual Studio Solution File, Format Version 12.00
# Visual Studio Version 17
VisualStudioVersion = 17.9.34723.18
MinimumVisualStudioVersion = 10.0.40219.1
Project("{888888A0-9F3D-457C-B088-3A5042F75D52}") = "FizzBuzz", "PythonApplication1\FizzBuzz.pyproj", "{F98A9F1B-EAD0-4EB5-A0DC-2B9F17C7701C}"
EndProject
Global
	GlobalSection(SolutionConfigurationPlatforms) = preSolution
		Debug|Any CPU = Debug|Any CPU
		Release|Any CPU = Release|Any CPU
	EndGlobalSection
	GlobalSection(ProjectConfigurationPlatforms) = postSolution
		{F98A9F1B-EAD0-4EB5-A0DC-2B9F17C7701C}.Debug|Any CPU.ActiveCfg = Debug|Any CPU
		{F98A9F1B-EAD0-4EB5-A0DC-2B9F17C7701C}.Release|Any CPU.ActiveCfg = Release|Any CPU
	EndGlobalSection
	GlobalSection(SolutionProperties) = preSolution
		HideSolutionNode = FALSE
	EndGlobalSection
	GlobalSection(ExtensibilityGlobals) = postSolution
		SolutionGuid = {F5C30648-0B41-45B1-AAD9-B3ACF194C19B}
	EndGlobalSection
EndGlobal
